// !$*UTF8*$!
{
	archiveVersion = 1;
	classes = {
	};
	objectVersion = 48;
	objects = {

/* Begin PBXBuildFile section */
		6F9AB080206552E500BF92EB /* AppDelegate.swift in Sources */ = {isa = PBXBuildFile; fileRef = 6F9AB07F206552E500BF92EB /* AppDelegate.swift */; };
		6F9AB082206552E500BF92EB /* ViewController.swift in Sources */ = {isa = PBXBuildFile; fileRef = 6F9AB081206552E500BF92EB /* ViewController.swift */; };
		6F9AB085206552E500BF92EB /* Main.storyboard in Resources */ = {isa = PBXBuildFile; fileRef = 6F9AB083206552E500BF92EB /* Main.storyboard */; };
		6F9AB087206552E500BF92EB /* Assets.xcassets in Resources */ = {isa = PBXBuildFile; fileRef = 6F9AB086206552E500BF92EB /* Assets.xcassets */; };
		6F9AB08A206552E500BF92EB /* LaunchScreen.storyboard in Resources */ = {isa = PBXBuildFile; fileRef = 6F9AB088206552E500BF92EB /* LaunchScreen.storyboard */; };
		6F9AB095206552E500BF92EB /* AudioPlayerSamplesTests.swift in Sources */ = {isa = PBXBuildFile; fileRef = 6F9AB094206552E500BF92EB /* AudioPlayerSamplesTests.swift */; };
		6F9AB0A0206552E600BF92EB /* AudioPlayerSamplesUITests.swift in Sources */ = {isa = PBXBuildFile; fileRef = 6F9AB09F206552E600BF92EB /* AudioPlayerSamplesUITests.swift */; };
/* End PBXBuildFile section */

/* Begin PBXContainerItemProxy section */
		6F9AB091206552E500BF92EB /* PBXContainerItemProxy */ = {
			isa = PBXContainerItemProxy;
			containerPortal = 6F9AB074206552E500BF92EB /* Project object */;
			proxyType = 1;
			remoteGlobalIDString = 6F9AB07B206552E500BF92EB;
			remoteInfo = AudioPlayerSamples;
		};
		6F9AB09C206552E500BF92EB /* PBXContainerItemProxy */ = {
			isa = PBXContainerItemProxy;
			containerPortal = 6F9AB074206552E500BF92EB /* Project object */;
			proxyType = 1;
			remoteGlobalIDString = 6F9AB07B206552E500BF92EB;
			remoteInfo = AudioPlayerSamples;
		};
/* End PBXContainerItemProxy section */

/* Begin PBXFileReference section */
		6F9AB07C206552E500BF92EB /* AudioPlayerSamples.app */ = {isa = PBXFileReference; explicitFileType = wrapper.application; includeInIndex = 0; path = AudioPlayerSamples.app; sourceTree = BUILT_PRODUCTS_DIR; };
		6F9AB07F206552E500BF92EB /* AppDelegate.swift */ = {isa = PBXFileReference; lastKnownFileType = sourcecode.swift; path = AppDelegate.swift; sourceTree = "<group>"; };
		6F9AB081206552E500BF92EB /* ViewController.swift */ = {isa = PBXFileReference; lastKnownFileType = sourcecode.swift; path = ViewController.swift; sourceTree = "<group>"; };
		6F9AB084206552E500BF92EB /* Base */ = {isa = PBXFileReference; lastKnownFileType = file.storyboard; name = Base; path = Base.lproj/Main.storyboard; sourceTree = "<group>"; };
		6F9AB086206552E500BF92EB /* Assets.xcassets */ = {isa = PBXFileReference; lastKnownFileType = folder.assetcatalog; path = Assets.xcassets; sourceTree = "<group>"; };
		6F9AB089206552E500BF92EB /* Base */ = {isa = PBXFileReference; lastKnownFileType = file.storyboard; name = Base; path = Base.lproj/LaunchScreen.storyboard; sourceTree = "<group>"; };
		6F9AB08B206552E500BF92EB /* Info.plist */ = {isa = PBXFileReference; lastKnownFileType = text.plist.xml; path = Info.plist; sourceTree = "<group>"; };
		6F9AB090206552E500BF92EB /* AudioPlayerSamplesTests.xctest */ = {isa = PBXFileReference; explicitFileType = wrapper.cfbundle; includeInIndex = 0; path = AudioPlayerSamplesTests.xctest; sourceTree = BUILT_PRODUCTS_DIR; };
		6F9AB094206552E500BF92EB /* AudioPlayerSamplesTests.swift */ = {isa = PBXFileReference; lastKnownFileType = sourcecode.swift; path = AudioPlayerSamplesTests.swift; sourceTree = "<group>"; };
		6F9AB096206552E500BF92EB /* Info.plist */ = {isa = PBXFileReference; lastKnownFileType = text.plist.xml; path = Info.plist; sourceTree = "<group>"; };
		6F9AB09B206552E500BF92EB /* AudioPlayerSamplesUITests.xctest */ = {isa = PBXFileReference; explicitFileType = wrapper.cfbundle; includeInIndex = 0; path = AudioPlayerSamplesUITests.xctest; sourceTree = BUILT_PRODUCTS_DIR; };
		6F9AB09F206552E600BF92EB /* AudioPlayerSamplesUITests.swift */ = {isa = PBXFileReference; lastKnownFileType = sourcecode.swift; path = AudioPlayerSamplesUITests.swift; sourceTree = "<group>"; };
		6F9AB0A1206552E600BF92EB /* Info.plist */ = {isa = PBXFileReference; lastKnownFileType = text.plist.xml; path = Info.plist; sourceTree = "<group>"; };
/* End PBXFileReference section */

/* Begin PBXFrameworksBuildPhase section */
		6F9AB079206552E500BF92EB /* Frameworks */ = {
			isa = PBXFrameworksBuildPhase;
			buildActionMask = 2147483647;
			files = (
			);
			runOnlyForDeploymentPostprocessing = 0;
		};
		6F9AB08D206552E500BF92EB /* Frameworks */ = {
			isa = PBXFrameworksBuildPhase;
			buildActionMask = 2147483647;
			files = (
			);
			runOnlyForDeploymentPostprocessing = 0;
		};
		6F9AB098206552E500BF92EB /* Frameworks */ = {
			isa = PBXFrameworksBuildPhase;
			buildActionMask = 2147483647;
			files = (
			);
			runOnlyForDeploymentPostprocessing = 0;
		};
/* End PBXFrameworksBuildPhase section */

/* Begin PBXGroup section */
		6F9AB073206552E500BF92EB = {
			isa = PBXGroup;
			children = (
				6F9AB07E206552E500BF92EB /* AudioPlayerSamples */,
				6F9AB093206552E500BF92EB /* AudioPlayerSamplesTests */,
				6F9AB09E206552E600BF92EB /* AudioPlayerSamplesUITests */,
				6F9AB07D206552E500BF92EB /* Products */,
			);
			sourceTree = "<group>";
		};
		6F9AB07D206552E500BF92EB /* Products */ = {
			isa = PBXGroup;
			children = (
				6F9AB07C206552E500BF92EB /* AudioPlayerSamples.app */,
				6F9AB090206552E500BF92EB /* AudioPlayerSamplesTests.xctest */,
				6F9AB09B206552E500BF92EB /* AudioPlayerSamplesUITests.xctest */,
			);
			name = Products;
			sourceTree = "<group>";
		};
		6F9AB07E206552E500BF92EB /* AudioPlayerSamples */ = {
			isa = PBXGroup;
			children = (
				6F9AB07F206552E500BF92EB /* AppDelegate.swift */,
				6F9AB081206552E500BF92EB /* ViewController.swift */,
				6F9AB083206552E500BF92EB /* Main.storyboard */,
				6F9AB086206552E500BF92EB /* Assets.xcassets */,
				6F9AB088206552E500BF92EB /* LaunchScreen.storyboard */,
				6F9AB08B206552E500BF92EB /* Info.plist */,
			);
			path = AudioPlayerSamples;
			sourceTree = "<group>";
		};
		6F9AB093206552E500BF92EB /* AudioPlayerSamplesTests */ = {
			isa = PBXGroup;
			children = (
				6F9AB094206552E500BF92EB /* AudioPlayerSamplesTests.swift */,
				6F9AB096206552E500BF92EB /* Info.plist */,
			);
			path = AudioPlayerSamplesTests;
			sourceTree = "<group>";
		};
		6F9AB09E206552E600BF92EB /* AudioPlayerSamplesUITests */ = {
			isa = PBXGroup;
			children = (
				6F9AB09F206552E600BF92EB /* AudioPlayerSamplesUITests.swift */,
				6F9AB0A1206552E600BF92EB /* Info.plist */,
			);
			path = AudioPlayerSamplesUITests;
			sourceTree = "<group>";
		};
/* End PBXGroup section */

/* Begin PBXNativeTarget section */
		6F9AB07B206552E500BF92EB /* AudioPlayerSamples */ = {
			isa = PBXNativeTarget;
			buildConfigurationList = 6F9AB0A4206552E600BF92EB /* Build configuration list for PBXNativeTarget "AudioPlayerSamples" */;
			buildPhases = (
				6F9AB078206552E500BF92EB /* Sources */,
				6F9AB079206552E500BF92EB /* Frameworks */,
				6F9AB07A206552E500BF92EB /* Resources */,
			);
			buildRules = (
			);
			dependencies = (
			);
			name = AudioPlayerSamples;
			productName = AudioPlayerSamples;
			productReference = 6F9AB07C206552E500BF92EB /* AudioPlayerSamples.app */;
			productType = "com.apple.product-type.application";
		};
		6F9AB08F206552E500BF92EB /* AudioPlayerSamplesTests */ = {
			isa = PBXNativeTarget;
			buildConfigurationList = 6F9AB0A7206552E600BF92EB /* Build configuration list for PBXNativeTarget "AudioPlayerSamplesTests" */;
			buildPhases = (
				6F9AB08C206552E500BF92EB /* Sources */,
				6F9AB08D206552E500BF92EB /* Frameworks */,
				6F9AB08E206552E500BF92EB /* Resources */,
			);
			buildRules = (
			);
			dependencies = (
				6F9AB092206552E500BF92EB /* PBXTargetDependency */,
			);
			name = AudioPlayerSamplesTests;
			productName = AudioPlayerSamplesTests;
			productReference = 6F9AB090206552E500BF92EB /* AudioPlayerSamplesTests.xctest */;
			productType = "com.apple.product-type.bundle.unit-test";
		};
		6F9AB09A206552E500BF92EB /* AudioPlayerSamplesUITests */ = {
			isa = PBXNativeTarget;
			buildConfigurationList = 6F9AB0AA206552E600BF92EB /* Build configuration list for PBXNativeTarget "AudioPlayerSamplesUITests" */;
			buildPhases = (
				6F9AB097206552E500BF92EB /* Sources */,
				6F9AB098206552E500BF92EB /* Frameworks */,
				6F9AB099206552E500BF92EB /* Resources */,
			);
			buildRules = (
			);
			dependencies = (
				6F9AB09D206552E500BF92EB /* PBXTargetDependency */,
			);
			name = AudioPlayerSamplesUITests;
			productName = AudioPlayerSamplesUITests;
			productReference = 6F9AB09B206552E500BF92EB /* AudioPlayerSamplesUITests.xctest */;
			productType = "com.apple.product-type.bundle.ui-testing";
		};
/* End PBXNativeTarget section */

/* Begin PBXProject section */
		6F9AB074206552E500BF92EB /* Project object */ = {
			isa = PBXProject;
			attributes = {
				LastSwiftUpdateCheck = 0920;
				LastUpgradeCheck = 0920;
				ORGANIZATIONNAME = "SkillUp Video Technologies Corporation";
				TargetAttributes = {
					6F9AB07B206552E500BF92EB = {
						CreatedOnToolsVersion = 9.2;
						ProvisioningStyle = Automatic;
					};
					6F9AB08F206552E500BF92EB = {
						CreatedOnToolsVersion = 9.2;
						ProvisioningStyle = Automatic;
						TestTargetID = 6F9AB07B206552E500BF92EB;
					};
					6F9AB09A206552E500BF92EB = {
						CreatedOnToolsVersion = 9.2;
						ProvisioningStyle = Automatic;
						TestTargetID = 6F9AB07B206552E500BF92EB;
					};
				};
			};
			buildConfigurationList = 6F9AB077206552E500BF92EB /* Build configuration list for PBXProject "AudioPlayerSamples" */;
			compatibilityVersion = "Xcode 8.0";
			developmentRegion = en;
			hasScannedForEncodings = 0;
			knownRegions = (
				en,
				Base,
			);
			mainGroup = 6F9AB073206552E500BF92EB;
			productRefGroup = 6F9AB07D206552E500BF92EB /* Products */;
			projectDirPath = "";
			projectRoot = "";
			targets = (
				6F9AB07B206552E500BF92EB /* AudioPlayerSamples */,
				6F9AB08F206552E500BF92EB /* AudioPlayerSamplesTests */,
				6F9AB09A206552E500BF92EB /* AudioPlayerSamplesUITests */,
			);
		};
/* End PBXProject section */

/* Begin PBXResourcesBuildPhase section */
		6F9AB07A206552E500BF92EB /* Resources */ = {
			isa = PBXResourcesBuildPhase;
			buildActionMask = 2147483647;
			files = (
				6F9AB08A206552E500BF92EB /* LaunchScreen.storyboard in Resources */,
				6F9AB087206552E500BF92EB /* Assets.xcassets in Resources */,
				6F9AB085206552E500BF92EB /* Main.storyboard in Resources */,
			);
			runOnlyForDeploymentPostprocessing = 0;
		};
		6F9AB08E206552E500BF92EB /* Resources */ = {
			isa = PBXResourcesBuildPhase;
			buildActionMask = 2147483647;
			files = (
			);
			runOnlyForDeploymentPostprocessing = 0;
		};
		6F9AB099206552E500BF92EB /* Resources */ = {
			isa = PBXResourcesBuildPhase;
			buildActionMask = 2147483647;
			files = (
			);
			runOnlyForDeploymentPostprocessing = 0;
		};
/* End PBXResourcesBuildPhase section */

/* Begin PBXSourcesBuildPhase section */
		6F9AB078206552E500BF92EB /* Sources */ = {
			isa = PBXSourcesBuildPhase;
			buildActionMask = 2147483647;
			files = (
				6F9AB082206552E500BF92EB /* ViewController.swift in Sources */,
				6F9AB080206552E500BF92EB /* AppDelegate.swift in Sources */,
			);
			runOnlyForDeploymentPostprocessing = 0;
		};
		6F9AB08C206552E500BF92EB /* Sources */ = {
			isa = PBXSourcesBuildPhase;
			buildActionMask = 2147483647;
			files = (
				6F9AB095206552E500BF92EB /* AudioPlayerSamplesTests.swift in Sources */,
			);
			runOnlyForDeploymentPostprocessing = 0;
		};
		6F9AB097206552E500BF92EB /* Sources */ = {
			isa = PBXSourcesBuildPhase;
			buildActionMask = 2147483647;
			files = (
				6F9AB0A0206552E600BF92EB /* AudioPlayerSamplesUITests.swift in Sources */,
			);
			runOnlyForDeploymentPostprocessing = 0;
		};
/* End PBXSourcesBuildPhase section */

/* Begin PBXTargetDependency section */
		6F9AB092206552E500BF92EB /* PBXTargetDependency */ = {
			isa = PBXTargetDependency;
			target = 6F9AB07B206552E500BF92EB /* AudioPlayerSamples */;
			targetProxy = 6F9AB091206552E500BF92EB /* PBXContainerItemProxy */;
		};
		6F9AB09D206552E500BF92EB /* PBXTargetDependency */ = {
			isa = PBXTargetDependency;
			target = 6F9AB07B206552E500BF92EB /* AudioPlayerSamples */;
			targetProxy = 6F9AB09C206552E500BF92EB /* PBXContainerItemProxy */;
		};
/* End PBXTargetDependency section */

/* Begin PBXVariantGroup section */
		6F9AB083206552E500BF92EB /* Main.storyboard */ = {
			isa = PBXVariantGroup;
			children = (
				6F9AB084206552E500BF92EB /* Base */,
			);
			name = Main.storyboard;
			sourceTree = "<group>";
		};
		6F9AB088206552E500BF92EB /* LaunchScreen.storyboard */ = {
			isa = PBXVariantGroup;
			children = (
				6F9AB089206552E500BF92EB /* Base */,
			);
			name = LaunchScreen.storyboard;
			sourceTree = "<group>";
		};
/* End PBXVariantGroup section */

/* Begin XCBuildConfiguration section */
		6F9AB0A2206552E600BF92EB /* Debug */ = {
			isa = XCBuildConfiguration;
			buildSettings = {
				ALWAYS_SEARCH_USER_PATHS = NO;
				CLANG_ANALYZER_NONNULL = YES;
				CLANG_ANALYZER_NUMBER_OBJECT_CONVERSION = YES_AGGRESSIVE;
				CLANG_CXX_LANGUAGE_STANDARD = "gnu++14";
				CLANG_CXX_LIBRARY = "libc++";
				CLANG_ENABLE_MODULES = YES;
				CLANG_ENABLE_OBJC_ARC = YES;
				CLANG_WARN_BLOCK_CAPTURE_AUTORELEASING = YES;
				CLANG_WARN_BOOL_CONVERSION = YES;
				CLANG_WARN_COMMA = YES;
				CLANG_WARN_CONSTANT_CONVERSION = YES;
				CLANG_WARN_DIRECT_OBJC_ISA_USAGE = YES_ERROR;
				CLANG_WARN_DOCUMENTATION_COMMENTS = YES;
				CLANG_WARN_EMPTY_BODY = YES;
				CLANG_WARN_ENUM_CONVERSION = YES;
				CLANG_WARN_INFINITE_RECURSION = YES;
				CLANG_WARN_INT_CONVERSION = YES;
				CLANG_WARN_NON_LITERAL_NULL_CONVERSION = YES;
				CLANG_WARN_OBJC_LITERAL_CONVERSION = YES;
				CLANG_WARN_OBJC_ROOT_CLASS = YES_ERROR;
				CLANG_WARN_RANGE_LOOP_ANALYSIS = YES;
				CLANG_WARN_STRICT_PROTOTYPES = YES;
				CLANG_WARN_SUSPICIOUS_MOVE = YES;
				CLANG_WARN_UNGUARDED_AVAILABILITY = YES_AGGRESSIVE;
				CLANG_WARN_UNREACHABLE_CODE = YES;
				CLANG_WARN__DUPLICATE_METHOD_MATCH = YES;
				CODE_SIGN_IDENTITY = "iPhone Developer";
				COPY_PHASE_STRIP = NO;
				DEBUG_INFORMATION_FORMAT = dwarf;
				ENABLE_STRICT_OBJC_MSGSEND = YES;
				ENABLE_TESTABILITY = YES;
				GCC_C_LANGUAGE_STANDARD = gnu11;
				GCC_DYNAMIC_NO_PIC = NO;
				GCC_NO_COMMON_BLOCKS = YES;
				GCC_OPTIMIZATION_LEVEL = 0;
				GCC_PREPROCESSOR_DEFINITIONS = (
					"DEBUG=1",
					"$(inherited)",
				);
				GCC_WARN_64_TO_32_BIT_CONVERSION = YES;
				GCC_WARN_ABOUT_RETURN_TYPE = YES_ERROR;
				GCC_WARN_UNDECLARED_SELECTOR = YES;
				GCC_WARN_UNINITIALIZED_AUTOS = YES_AGGRESSIVE;
				GCC_WARN_UNUSED_FUNCTION = YES;
				GCC_WARN_UNUSED_VARIABLE = YES;
				IPHONEOS_DEPLOYMENT_TARGET = 11.2;
				MTL_ENABLE_DEBUG_INFO = YES;
				ONLY_ACTIVE_ARCH = YES;
				SDKROOT = iphoneos;
				SWIFT_ACTIVE_COMPILATION_CONDITIONS = DEBUG;
				SWIFT_OPTIMIZATION_LEVEL = "-Onone";
			};
			name = Debug;
		};
		6F9AB0A3206552E600BF92EB /* Release */ = {
			isa = XCBuildConfiguration;
			buildSettings = {
				ALWAYS_SEARCH_USER_PATHS = NO;
				CLANG_ANALYZER_NONNULL = YES;
				CLANG_ANALYZER_NUMBER_OBJECT_CONVERSION = YES_AGGRESSIVE;
				CLANG_CXX_LANGUAGE_STANDARD = "gnu++14";
				CLANG_CXX_LIBRARY = "libc++";
				CLANG_ENABLE_MODULES = YES;
				CLANG_ENABLE_OBJC_ARC = YES;
				CLANG_WARN_BLOCK_CAPTURE_AUTORELEASING = YES;
				CLANG_WARN_BOOL_CONVERSION = YES;
				CLANG_WARN_COMMA = YES;
				CLANG_WARN_CONSTANT_CONVERSION = YES;
				CLANG_WARN_DIRECT_OBJC_ISA_USAGE = YES_ERROR;
				CLANG_WARN_DOCUMENTATION_COMMENTS = YES;
				CLANG_WARN_EMPTY_BODY = YES;
				CLANG_WARN_ENUM_CONVERSION = YES;
				CLANG_WARN_INFINITE_RECURSION = YES;
				CLANG_WARN_INT_CONVERSION = YES;
				CLANG_WARN_NON_LITERAL_NULL_CONVERSION = YES;
				CLANG_WARN_OBJC_LITERAL_CONVERSION = YES;
				CLANG_WARN_OBJC_ROOT_CLASS = YES_ERROR;
				CLANG_WARN_RANGE_LOOP_ANALYSIS = YES;
				CLANG_WARN_STRICT_PROTOTYPES = YES;
				CLANG_WARN_SUSPICIOUS_MOVE = YES;
				CLANG_WARN_UNGUARDED_AVAILABILITY = YES_AGGRESSIVE;
				CLANG_WARN_UNREACHABLE_CODE = YES;
				CLANG_WARN__DUPLICATE_METHOD_MATCH = YES;
				CODE_SIGN_IDENTITY = "iPhone Developer";
				COPY_PHASE_STRIP = NO;
				DEBUG_INFORMATION_FORMAT = "dwarf-with-dsym";
				ENABLE_NS_ASSERTIONS = NO;
				ENABLE_STRICT_OBJC_MSGSEND = YES;
				GCC_C_LANGUAGE_STANDARD = gnu11;
				GCC_NO_COMMON_BLOCKS = YES;
				GCC_WARN_64_TO_32_BIT_CONVERSION = YES;
				GCC_WARN_ABOUT_RETURN_TYPE = YES_ERROR;
				GCC_WARN_UNDECLARED_SELECTOR = YES;
				GCC_WARN_UNINITIALIZED_AUTOS = YES_AGGRESSIVE;
				GCC_WARN_UNUSED_FUNCTION = YES;
				GCC_WARN_UNUSED_VARIABLE = YES;
				IPHONEOS_DEPLOYMENT_TARGET = 11.2;
				MTL_ENABLE_DEBUG_INFO = NO;
				SDKROOT = iphoneos;
				SWIFT_OPTIMIZATION_LEVEL = "-Owholemodule";
				VALIDATE_PRODUCT = YES;
			};
			name = Release;
		};
		6F9AB0A5206552E600BF92EB /* Debug */ = {
			isa = XCBuildConfiguration;
			buildSettings = {
				ASSETCATALOG_COMPILER_APPICON_NAME = AppIcon;
				CODE_SIGN_STYLE = Automatic;
				DEVELOPMENT_TEAM = RHFNQZ926Y;
				INFOPLIST_FILE = AudioPlayerSamples/Info.plist;
				LD_RUNPATH_SEARCH_PATHS = "$(inherited) @executable_path/Frameworks";
				PRODUCT_BUNDLE_IDENTIFIER = "jp.co.suvt.va-sdk.AudioPlayerSamples";
				PRODUCT_NAME = "$(TARGET_NAME)";
				SWIFT_VERSION = 4.0;
				TARGETED_DEVICE_FAMILY = "1,2";
			};
			name = Debug;
		};
		6F9AB0A6206552E600BF92EB /* Release */ = {
			isa = XCBuildConfiguration;
			buildSettings = {
				ASSETCATALOG_COMPILER_APPICON_NAME = AppIcon;
				CODE_SIGN_STYLE = Automatic;
				DEVELOPMENT_TEAM = RHFNQZ926Y;
				INFOPLIST_FILE = AudioPlayerSamples/Info.plist;
				LD_RUNPATH_SEARCH_PATHS = "$(inherited) @executable_path/Frameworks";
				PRODUCT_BUNDLE_IDENTIFIER = "jp.co.suvt.va-sdk.AudioPlayerSamples";
				PRODUCT_NAME = "$(TARGET_NAME)";
				SWIFT_VERSION = 4.0;
				TARGETED_DEVICE_FAMILY = "1,2";
			};
			name = Release;
		};
		6F9AB0A8206552E600BF92EB /* Debug */ = {
			isa = XCBuildConfiguration;
			buildSettings = {
				ALWAYS_EMBED_SWIFT_STANDARD_LIBRARIES = YES;
				BUNDLE_LOADER = "$(TEST_HOST)";
				CODE_SIGN_STYLE = Automatic;
				DEVELOPMENT_TEAM = RHFNQZ926Y;
				INFOPLIST_FILE = AudioPlayerSamplesTests/Info.plist;
				LD_RUNPATH_SEARCH_PATHS = "$(inherited) @executable_path/Frameworks @loader_path/Frameworks";
				PRODUCT_BUNDLE_IDENTIFIER = "jp.co.suvt.va-sdk.AudioPlayerSamplesTests";
				PRODUCT_NAME = "$(TARGET_NAME)";
				SWIFT_VERSION = 4.0;
				TARGETED_DEVICE_FAMILY = "1,2";
				TEST_HOST = "$(BUILT_PRODUCTS_DIR)/AudioPlayerSamples.app/AudioPlayerSamples";
			};
			name = Debug;
		};
		6F9AB0A9206552E600BF92EB /* Release */ = {
			isa = XCBuildConfiguration;
			buildSettings = {
				ALWAYS_EMBED_SWIFT_STANDARD_LIBRARIES = YES;
				BUNDLE_LOADER = "$(TEST_HOST)";
				CODE_SIGN_STYLE = Automatic;
				DEVELOPMENT_TEAM = RHFNQZ926Y;
				INFOPLIST_FILE = AudioPlayerSamplesTests/Info.plist;
				LD_RUNPATH_SEARCH_PATHS = "$(inherited) @executable_path/Frameworks @loader_path/Frameworks";
				PRODUCT_BUNDLE_IDENTIFIER = "jp.co.suvt.va-sdk.AudioPlayerSamplesTests";
				PRODUCT_NAME = "$(TARGET_NAME)";
				SWIFT_VERSION = 4.0;
				TARGETED_DEVICE_FAMILY = "1,2";
				TEST_HOST = "$(BUILT_PRODUCTS_DIR)/AudioPlayerSamples.app/AudioPlayerSamples";
			};
			name = Release;
		};
		6F9AB0AB206552E600BF92EB /* Debug */ = {
			isa = XCBuildConfiguration;
			buildSettings = {
				ALWAYS_EMBED_SWIFT_STANDARD_LIBRARIES = YES;
				CODE_SIGN_STYLE = Automatic;
				DEVELOPMENT_TEAM = RHFNQZ926Y;
				INFOPLIST_FILE = AudioPlayerSamplesUITests/Info.plist;
				LD_RUNPATH_SEARCH_PATHS = "$(inherited) @executable_path/Frameworks @loader_path/Frameworks";
				PRODUCT_BUNDLE_IDENTIFIER = "jp.co.suvt.va-sdk.AudioPlayerSamplesUITests";
				PRODUCT_NAME = "$(TARGET_NAME)";
				SWIFT_VERSION = 4.0;
				TARGETED_DEVICE_FAMILY = "1,2";
				TEST_TARGET_NAME = AudioPlayerSamples;
			};
			name = Debug;
		};
		6F9AB0AC206552E600BF92EB /* Release */ = {
			isa = XCBuildConfiguration;
			buildSettings = {
				ALWAYS_EMBED_SWIFT_STANDARD_LIBRARIES = YES;
				CODE_SIGN_STYLE = Automatic;
				DEVELOPMENT_TEAM = RHFNQZ926Y;
				INFOPLIST_FILE = AudioPlayerSamplesUITests/Info.plist;
				LD_RUNPATH_SEARCH_PATHS = "$(inherited) @executable_path/Frameworks @loader_path/Frameworks";
				PRODUCT_BUNDLE_IDENTIFIER = "jp.co.suvt.va-sdk.AudioPlayerSamplesUITests";
				PRODUCT_NAME = "$(TARGET_NAME)";
				SWIFT_VERSION = 4.0;
				TARGETED_DEVICE_FAMILY = "1,2";
				TEST_TARGET_NAME = AudioPlayerSamples;
			};
			name = Release;
		};
/* End XCBuildConfiguration section */

/* Begin XCConfigurationList section */
		6F9AB077206552E500BF92EB /* Build configuration list for PBXProject "AudioPlayerSamples" */ = {
			isa = XCConfigurationList;
			buildConfigurations = (
				6F9AB0A2206552E600BF92EB /* Debug */,
				6F9AB0A3206552E600BF92EB /* Release */,
			);
			defaultConfigurationIsVisible = 0;
			defaultConfigurationName = Release;
		};
		6F9AB0A4206552E600BF92EB /* Build configuration list for PBXNativeTarget "AudioPlayerSamples" */ = {
			isa = XCConfigurationList;
			buildConfigurations = (
				6F9AB0A5206552E600BF92EB /* Debug */,
				6F9AB0A6206552E600BF92EB /* Release */,
			);
			defaultConfigurationIsVisible = 0;
			defaultConfigurationName = Release;
		};
		6F9AB0A7206552E600BF92EB /* Build configuration list for PBXNativeTarget "AudioPlayerSamplesTests" */ = {
			isa = XCConfigurationList;
			buildConfigurations = (
				6F9AB0A8206552E600BF92EB /* Debug */,
				6F9AB0A9206552E600BF92EB /* Release */,
			);
			defaultConfigurationIsVisible = 0;
			defaultConfigurationName = Release;
		};
		6F9AB0AA206552E600BF92EB /* Build configuration list for PBXNativeTarget "AudioPlayerSamplesUITests" */ = {
			isa = XCConfigurationList;
			buildConfigurations = (
				6F9AB0AB206552E600BF92EB /* Debug */,
				6F9AB0AC206552E600BF92EB /* Release */,
			);
			defaultConfigurationIsVisible = 0;
			defaultConfigurationName = Release;
		};
/* End XCConfigurationList section */
	};
	rootObject = 6F9AB074206552E500BF92EB /* Project object */;
}
